
Microsoft Visual Studio Solution File, Format Version 12.00
# Visual Studio Version 17
VisualStudioVersion = 17.14.36015.10 d17.14
MinimumVisualStudioVersion = 10.0.40219.1
Project("{FAE04EC0-301F-11D3-BF4B-00C04F79EFBC}") = "Login", "Login\Login.csproj", "{517176F9-AF05-4F7F-8A86-9A9E57B36340}"
EndProject
Global
	GlobalSection(SolutionConfigurationPlatforms) = preSolution
		Debug|Any CPU = Debug|Any CPU
		Release|Any CPU = Release|Any CPU
	EndGlobalSection
	GlobalSection(ProjectConfigurationPlatforms) = postSolution
		{517176F9-AF05-4F7F-8A86-9A9E57B36340}.Debug|Any CPU.ActiveCfg = Debug|Any CPU
		{517176F9-AF05-4F7F-8A86-9A9E57B36340}.Debug|Any CPU.Build.0 = Debug|Any CPU
		{517176F9-AF05-4F7F-8A86-9A9E57B36340}.Release|Any CPU.ActiveCfg = Release|Any CPU
		{517176F9-AF05-4F7F-8A86-9A9E57B36340}.Release|Any CPU.Build.0 = Release|Any CPU
	EndGlobalSection
	GlobalSection(SolutionProperties) = preSolution
		HideSolutionNode = FALSE
	EndGlobalSection
	GlobalSection(ExtensibilityGlobals) = postSolution
		SolutionGuid = {C6C7E396-B22C-4145-807C-FD987328F63F}
	EndGlobalSection
EndGlobal
